{
  "nodes": {
    "home-manager": {
      "inputs": {
        "nixpkgs": [
          "nixpkgs"
        ]
      },
      "locked": {
        "lastModified": 1629729582,
        "narHash": "sha256-P8bSE0v/alIafhsDVPwIZyBMz4YfHc2H0mOabnsf1so=",
        "owner": "nix-community",
        "repo": "home-manager",
        "rev": "9029fd2b9de2147480efab55f351343f4fed73b9",
        "type": "github"
      },
      "original": {
        "owner": "nix-community",
        "repo": "home-manager",
        "type": "github"
      }
    },
    "nixpkgs": {
      "locked": {
        "lastModified": 1628779307,
        "narHash": "sha256-ErivbgE5SGvNdFpq+Q50lw1JGGmvxBR/d71aW41S+1A=",
        "owner": "nixos",
        "repo": "nixpkgs",
        "rev": "4138cbd913fad85073e59007710e3f083d0eb7c6",
        "type": "github"
      },
      "original": {
        "owner": "nixos",
        "ref": "nixos-unstable",
        "repo": "nixpkgs",
        "type": "github"
      }
    },
    "root": {
      "inputs": {
        "home-manager": "home-manager",
        "nixpkgs": "nixpkgs"
      }
    }
  },
  "root": "root",
  "version": 7
}
